
Microsoft Visual Studio Solution File, Format Version 12.00
# Visual Studio Version 16
VisualStudioVersion = 16.0.31205.134
MinimumVisualStudioVersion = 10.0.40219.1
Project("{FAE04EC0-301F-11D3-BF4B-00C04F79EFBC}") = "IdentificadorAmigos", "IdentificadorAmigos\IdentificadorAmigos.csproj", "{5C58CF9E-3480-4A30-B695-1ED70F4DE87A}"
EndProject
Project("{FAE04EC0-301F-11D3-BF4B-00C04F79EFBC}") = "WebFriendTokenJWT", "WebFriendTokenJWT\WebFriendTokenJWT.csproj", "{A86E3777-83D3-4F16-ABF4-D4942A591B80}"
EndProject
Global
	GlobalSection(SolutionConfigurationPlatforms) = preSolution
		Debug|Any CPU = Debug|Any CPU
		Release|Any CPU = Release|Any CPU
	EndGlobalSection
	GlobalSection(ProjectConfigurationPlatforms) = postSolution
		{5C58CF9E-3480-4A30-B695-1ED70F4DE87A}.Debug|Any CPU.ActiveCfg = Debug|Any CPU
		{5C58CF9E-3480-4A30-B695-1ED70F4DE87A}.Debug|Any CPU.Build.0 = Debug|Any CPU
		{5C58CF9E-3480-4A30-B695-1ED70F4DE87A}.Release|Any CPU.ActiveCfg = Release|Any CPU
		{5C58CF9E-3480-4A30-B695-1ED70F4DE87A}.Release|Any CPU.Build.0 = Release|Any CPU
		{A86E3777-83D3-4F16-ABF4-D4942A591B80}.Debug|Any CPU.ActiveCfg = Debug|Any CPU
		{A86E3777-83D3-4F16-ABF4-D4942A591B80}.Debug|Any CPU.Build.0 = Debug|Any CPU
		{A86E3777-83D3-4F16-ABF4-D4942A591B80}.Release|Any CPU.ActiveCfg = Release|Any CPU
		{A86E3777-83D3-4F16-ABF4-D4942A591B80}.Release|Any CPU.Build.0 = Release|Any CPU
	EndGlobalSection
	GlobalSection(SolutionProperties) = preSolution
		HideSolutionNode = FALSE
	EndGlobalSection
	GlobalSection(ExtensibilityGlobals) = postSolution
		SolutionGuid = {53702267-4EA5-4F17-AFDC-F44CB659FCA6}
	EndGlobalSection
EndGlobal
